
Microsoft Visual Studio Solution File, Format Version 12.00
# Visual Studio Version 17
VisualStudioVersion = 17.8.34525.116
MinimumVisualStudioVersion = 10.0.40219.1
Project("{2150E333-8FDC-42A3-9474-1A3956D46DE8}") = "Services", "Services", "{86504DDD-23C7-407E-BDD2-DDCE50D188C7}"
EndProject
Project("{2150E333-8FDC-42A3-9474-1A3956D46DE8}") = "Core", "Core", "{0CE892CC-B385-4745-B41D-BCB51D85833C}"
EndProject
Project("{9A19103F-16F7-4668-BE54-9A1E7A4F7556}") = "Core.Application", "Services\Core\Core.Application\Core.Application.csproj", "{E5A01537-FCC7-4A33-9E9D-2707A8A64904}"
EndProject
Project("{9A19103F-16F7-4668-BE54-9A1E7A4F7556}") = "Core.Domain", "Services\Core\Core.Domain\Core.Domain.csproj", "{3AF28C66-8D40-4D19-A231-F2F9AAD61A3D}"
EndProject
Project("{9A19103F-16F7-4668-BE54-9A1E7A4F7556}") = "Core.Infrastructure", "Services\Core\Core.Infrastructure\Core.Infrastructure.csproj", "{1595076E-D3DA-4AD5-A161-2888F121C250}"
EndProject
Project("{9A19103F-16F7-4668-BE54-9A1E7A4F7556}") = "Core.Persistence", "Services\Core\Core.Persistence\Core.Persistence.csproj", "{D778D141-A7C1-437B-95BC-DEC6A3FA15DC}"
EndProject
Project("{9A19103F-16F7-4668-BE54-9A1E7A4F7556}") = "Core.Shared", "Services\Core\Core.Shared\Core.Shared.csproj", "{6D06BDE3-EEA6-4FDB-8FED-A94E73328B45}"
EndProject
Project("{9A19103F-16F7-4668-BE54-9A1E7A4F7556}") = "Core.WebAPI", "Services\Core\Core.WebAPI\Core.WebAPI.csproj", "{C3300467-C104-4429-9DB7-11AFC16435E9}"
EndProject
Project("{2150E333-8FDC-42A3-9474-1A3956D46DE8}") = "CommonLibrary", "CommonLibrary", "{D5F7CF41-0489-4C93-9175-27A078CF3C08}"
EndProject
Project("{9A19103F-16F7-4668-BE54-9A1E7A4F7556}") = "JwtTokenAuthentication", "Services\CommonLibrary\JwtTokenAuthentication.csproj", "{03FDD9FA-5CA9-4AA2-A266-F535C58765DF}"
EndProject
Project("{2150E333-8FDC-42A3-9474-1A3956D46DE8}") = "ApiGateway", "ApiGateway", "{51D07658-027E-479C-8881-2FBF974A8D81}"
EndProject
Project("{9A19103F-16F7-4668-BE54-9A1E7A4F7556}") = "OcelotApiGateway", "Services\ApiGateway\OcelotApiGateway.csproj", "{97057721-7A43-46BB-924D-1449C5CE7942}"
EndProject
Project("{E53339B2-1760-4266-BCC7-CA923CBCF16C}") = "docker-compose", "docker-compose.dcproj", "{0F661D9D-1804-4122-9C68-2B5A8F4361CB}"
EndProject
Project("{2150E333-8FDC-42A3-9474-1A3956D46DE8}") = "AggregatorService", "AggregatorService", "{A876D8F1-68F3-4E6A-AD32-EE04A06CC18F}"
EndProject
Project("{9A19103F-16F7-4668-BE54-9A1E7A4F7556}") = "ApplicationService", "Services\AggregatorService\ApplicationService.csproj", "{516D8B1A-7462-46E4-B65B-24AA99E04850}"
EndProject
Global
	GlobalSection(SolutionConfigurationPlatforms) = preSolution
		Debug|Any CPU = Debug|Any CPU
		Release|Any CPU = Release|Any CPU
	EndGlobalSection
	GlobalSection(ProjectConfigurationPlatforms) = postSolution
		{E5A01537-FCC7-4A33-9E9D-2707A8A64904}.Debug|Any CPU.ActiveCfg = Debug|Any CPU
		{E5A01537-FCC7-4A33-9E9D-2707A8A64904}.Debug|Any CPU.Build.0 = Debug|Any CPU
		{E5A01537-FCC7-4A33-9E9D-2707A8A64904}.Release|Any CPU.ActiveCfg = Release|Any CPU
		{E5A01537-FCC7-4A33-9E9D-2707A8A64904}.Release|Any CPU.Build.0 = Release|Any CPU
		{3AF28C66-8D40-4D19-A231-F2F9AAD61A3D}.Debug|Any CPU.ActiveCfg = Debug|Any CPU
		{3AF28C66-8D40-4D19-A231-F2F9AAD61A3D}.Debug|Any CPU.Build.0 = Debug|Any CPU
		{3AF28C66-8D40-4D19-A231-F2F9AAD61A3D}.Release|Any CPU.ActiveCfg = Release|Any CPU
		{3AF28C66-8D40-4D19-A231-F2F9AAD61A3D}.Release|Any CPU.Build.0 = Release|Any CPU
		{1595076E-D3DA-4AD5-A161-2888F121C250}.Debug|Any CPU.ActiveCfg = Debug|Any CPU
		{1595076E-D3DA-4AD5-A161-2888F121C250}.Debug|Any CPU.Build.0 = Debug|Any CPU
		{1595076E-D3DA-4AD5-A161-2888F121C250}.Release|Any CPU.ActiveCfg = Release|Any CPU
		{1595076E-D3DA-4AD5-A161-2888F121C250}.Release|Any CPU.Build.0 = Release|Any CPU
		{D778D141-A7C1-437B-95BC-DEC6A3FA15DC}.Debug|Any CPU.ActiveCfg = Debug|Any CPU
		{D778D141-A7C1-437B-95BC-DEC6A3FA15DC}.Debug|Any CPU.Build.0 = Debug|Any CPU
		{D778D141-A7C1-437B-95BC-DEC6A3FA15DC}.Release|Any CPU.ActiveCfg = Release|Any CPU
		{D778D141-A7C1-437B-95BC-DEC6A3FA15DC}.Release|Any CPU.Build.0 = Release|Any CPU
		{6D06BDE3-EEA6-4FDB-8FED-A94E73328B45}.Debug|Any CPU.ActiveCfg = Debug|Any CPU
		{6D06BDE3-EEA6-4FDB-8FED-A94E73328B45}.Debug|Any CPU.Build.0 = Debug|Any CPU
		{6D06BDE3-EEA6-4FDB-8FED-A94E73328B45}.Release|Any CPU.ActiveCfg = Release|Any CPU
		{6D06BDE3-EEA6-4FDB-8FED-A94E73328B45}.Release|Any CPU.Build.0 = Release|Any CPU
		{C3300467-C104-4429-9DB7-11AFC16435E9}.Debug|Any CPU.ActiveCfg = Debug|Any CPU
		{C3300467-C104-4429-9DB7-11AFC16435E9}.Debug|Any CPU.Build.0 = Debug|Any CPU
		{C3300467-C104-4429-9DB7-11AFC16435E9}.Release|Any CPU.ActiveCfg = Release|Any CPU
		{C3300467-C104-4429-9DB7-11AFC16435E9}.Release|Any CPU.Build.0 = Release|Any CPU
		{03FDD9FA-5CA9-4AA2-A266-F535C58765DF}.Debug|Any CPU.ActiveCfg = Debug|Any CPU
		{03FDD9FA-5CA9-4AA2-A266-F535C58765DF}.Debug|Any CPU.Build.0 = Debug|Any CPU
		{03FDD9FA-5CA9-4AA2-A266-F535C58765DF}.Release|Any CPU.ActiveCfg = Release|Any CPU
		{03FDD9FA-5CA9-4AA2-A266-F535C58765DF}.Release|Any CPU.Build.0 = Release|Any CPU
		{97057721-7A43-46BB-924D-1449C5CE7942}.Debug|Any CPU.ActiveCfg = Debug|Any CPU
		{97057721-7A43-46BB-924D-1449C5CE7942}.Debug|Any CPU.Build.0 = Debug|Any CPU
		{97057721-7A43-46BB-924D-1449C5CE7942}.Release|Any CPU.ActiveCfg = Release|Any CPU
		{97057721-7A43-46BB-924D-1449C5CE7942}.Release|Any CPU.Build.0 = Release|Any CPU
		{0F661D9D-1804-4122-9C68-2B5A8F4361CB}.Debug|Any CPU.ActiveCfg = Debug|Any CPU
		{0F661D9D-1804-4122-9C68-2B5A8F4361CB}.Debug|Any CPU.Build.0 = Debug|Any CPU
		{0F661D9D-1804-4122-9C68-2B5A8F4361CB}.Release|Any CPU.ActiveCfg = Release|Any CPU
		{0F661D9D-1804-4122-9C68-2B5A8F4361CB}.Release|Any CPU.Build.0 = Release|Any CPU
		{516D8B1A-7462-46E4-B65B-24AA99E04850}.Debug|Any CPU.ActiveCfg = Debug|Any CPU
		{516D8B1A-7462-46E4-B65B-24AA99E04850}.Debug|Any CPU.Build.0 = Debug|Any CPU
		{516D8B1A-7462-46E4-B65B-24AA99E04850}.Release|Any CPU.ActiveCfg = Release|Any CPU
		{516D8B1A-7462-46E4-B65B-24AA99E04850}.Release|Any CPU.Build.0 = Release|Any CPU
	EndGlobalSection
	GlobalSection(SolutionProperties) = preSolution
		HideSolutionNode = FALSE
	EndGlobalSection
	GlobalSection(NestedProjects) = preSolution
		{0CE892CC-B385-4745-B41D-BCB51D85833C} = {86504DDD-23C7-407E-BDD2-DDCE50D188C7}
		{E5A01537-FCC7-4A33-9E9D-2707A8A64904} = {0CE892CC-B385-4745-B41D-BCB51D85833C}
		{3AF28C66-8D40-4D19-A231-F2F9AAD61A3D} = {0CE892CC-B385-4745-B41D-BCB51D85833C}
		{1595076E-D3DA-4AD5-A161-2888F121C250} = {0CE892CC-B385-4745-B41D-BCB51D85833C}
		{D778D141-A7C1-437B-95BC-DEC6A3FA15DC} = {0CE892CC-B385-4745-B41D-BCB51D85833C}
		{6D06BDE3-EEA6-4FDB-8FED-A94E73328B45} = {0CE892CC-B385-4745-B41D-BCB51D85833C}
		{C3300467-C104-4429-9DB7-11AFC16435E9} = {0CE892CC-B385-4745-B41D-BCB51D85833C}
		{D5F7CF41-0489-4C93-9175-27A078CF3C08} = {86504DDD-23C7-407E-BDD2-DDCE50D188C7}
		{03FDD9FA-5CA9-4AA2-A266-F535C58765DF} = {D5F7CF41-0489-4C93-9175-27A078CF3C08}
		{51D07658-027E-479C-8881-2FBF974A8D81} = {86504DDD-23C7-407E-BDD2-DDCE50D188C7}
		{97057721-7A43-46BB-924D-1449C5CE7942} = {51D07658-027E-479C-8881-2FBF974A8D81}
		{A876D8F1-68F3-4E6A-AD32-EE04A06CC18F} = {86504DDD-23C7-407E-BDD2-DDCE50D188C7}
		{516D8B1A-7462-46E4-B65B-24AA99E04850} = {A876D8F1-68F3-4E6A-AD32-EE04A06CC18F}
	EndGlobalSection
	GlobalSection(ExtensibilityGlobals) = postSolution
		SolutionGuid = {89E84D91-2436-46CA-A6BD-0E9C5106EF56}
	EndGlobalSection
EndGlobal
